// !$*UTF8*$!
{
	archiveVersion = 1;
	classes = {
	};
	objectVersion = 50;
	objects = {

/* Begin PBXBuildFile section */
		9BEECA3B21AF84FD001C0CC4 /* AppDelegate.swift in Sources */ = {isa = PBXBuildFile; fileRef = 9BEECA3A21AF84FD001C0CC4 /* AppDelegate.swift */; };
		9BEECA4221AF8500001C0CC4 /* Assets.xcassets in Resources */ = {isa = PBXBuildFile; fileRef = 9BEECA4121AF8500001C0CC4 /* Assets.xcassets */; };
		9BEECA4521AF8500001C0CC4 /* LaunchScreen.storyboard in Resources */ = {isa = PBXBuildFile; fileRef = 9BEECA4321AF8500001C0CC4 /* LaunchScreen.storyboard */; };
		9BEECA5621AF8A29001C0CC4 /* WBMainViewController.swift in Sources */ = {isa = PBXBuildFile; fileRef = 9BEECA5521AF8A29001C0CC4 /* WBMainViewController.swift */; };
		9BEECA5A21AF8A5E001C0CC4 /* WBBaseViewController.swift in Sources */ = {isa = PBXBuildFile; fileRef = 9BEECA5921AF8A5E001C0CC4 /* WBBaseViewController.swift */; };
		9BEECA5C21AF8AAD001C0CC4 /* WBHomeViewController.swift in Sources */ = {isa = PBXBuildFile; fileRef = 9BEECA5B21AF8AAD001C0CC4 /* WBHomeViewController.swift */; };
		9BEECA5E21AF8ABD001C0CC4 /* WBMessageViewController.swift in Sources */ = {isa = PBXBuildFile; fileRef = 9BEECA5D21AF8ABD001C0CC4 /* WBMessageViewController.swift */; };
		9BEECA6021AF8B18001C0CC4 /* WBDiscoverViewController.swift in Sources */ = {isa = PBXBuildFile; fileRef = 9BEECA5F21AF8B18001C0CC4 /* WBDiscoverViewController.swift */; };
		9BEECA6421AF8C2A001C0CC4 /* WBProfileViewController.swift in Sources */ = {isa = PBXBuildFile; fileRef = 9BEECA6321AF8C2A001C0CC4 /* WBProfileViewController.swift */; };
		9BEECA8521AF90F4001C0CC4 /* UIColor+CZAddition.m in Sources */ = {isa = PBXBuildFile; fileRef = 9BEECA6C21AF90F4001C0CC4 /* UIColor+CZAddition.m */; };
		9BEECA8621AF90F4001C0CC4 /* UIView+CZAddition.m in Sources */ = {isa = PBXBuildFile; fileRef = 9BEECA6D21AF90F4001C0CC4 /* UIView+CZAddition.m */; };
		9BEECA8721AF90F4001C0CC4 /* UIScreen+CZAddition.m in Sources */ = {isa = PBXBuildFile; fileRef = 9BEECA7021AF90F4001C0CC4 /* UIScreen+CZAddition.m */; };
		9BEECA8821AF90F4001C0CC4 /* UILabel+CZAddition.m in Sources */ = {isa = PBXBuildFile; fileRef = 9BEECA7221AF90F4001C0CC4 /* UILabel+CZAddition.m */; };
		9BEECA8921AF90F4001C0CC4 /* NSString+CZBase64.m in Sources */ = {isa = PBXBuildFile; fileRef = 9BEECA7421AF90F4001C0CC4 /* NSString+CZBase64.m */; };
		9BEECA8A21AF90F4001C0CC4 /* NSString+CZPath.m in Sources */ = {isa = PBXBuildFile; fileRef = 9BEECA7521AF90F4001C0CC4 /* NSString+CZPath.m */; };
		9BEECA8B21AF90F4001C0CC4 /* UIButton+CZAddition.m in Sources */ = {isa = PBXBuildFile; fileRef = 9BEECA7821AF90F4001C0CC4 /* UIButton+CZAddition.m */; };
		9BEECA8C21AF90F4001C0CC4 /* NSObject+CZRuntime.m in Sources */ = {isa = PBXBuildFile; fileRef = 9BEECA7B21AF90F4001C0CC4 /* NSObject+CZRuntime.m */; };
		9BEECA8D21AF90F4001C0CC4 /* UIViewController+CZAddition.m in Sources */ = {isa = PBXBuildFile; fileRef = 9BEECA7E21AF90F4001C0CC4 /* UIViewController+CZAddition.m */; };
		9BEECA8E21AF90F4001C0CC4 /* NSString+CZHash.m in Sources */ = {isa = PBXBuildFile; fileRef = 9BEECA7F21AF90F4001C0CC4 /* NSString+CZHash.m */; };
		9BEECA8F21AF90F4001C0CC4 /* NSAttributedString+CZAdditon.m in Sources */ = {isa = PBXBuildFile; fileRef = 9BEECA8221AF90F4001C0CC4 /* NSAttributedString+CZAdditon.m */; };
		9BEECA9021AF90F4001C0CC4 /* NSArray+Log.m in Sources */ = {isa = PBXBuildFile; fileRef = 9BEECA8321AF90F4001C0CC4 /* NSArray+Log.m */; };
		9BEECA9F21AF9592001C0CC4 /* Bundel+Extensions.swift in Sources */ = {isa = PBXBuildFile; fileRef = 9BEECA9D21AF9591001C0CC4 /* Bundel+Extensions.swift */; };
		9BEECAA221AF967A001C0CC4 /* WBNavigationViewController.swift in Sources */ = {isa = PBXBuildFile; fileRef = 9BEECAA121AF967A001C0CC4 /* WBNavigationViewController.swift */; };
		9BEECAA521AFE812001C0CC4 /* WBDemoViewController.swift in Sources */ = {isa = PBXBuildFile; fileRef = 9BEECAA421AFE812001C0CC4 /* WBDemoViewController.swift */; };
		9BEECAA721AFEFC9001C0CC4 /* UIBarButtonItem+Extension.swift in Sources */ = {isa = PBXBuildFile; fileRef = 9BEECAA621AFEFC9001C0CC4 /* UIBarButtonItem+Extension.swift */; };
/* End PBXBuildFile section */

/* Begin PBXFileReference section */
		9BEECA3721AF84FD001C0CC4 /* LWB.app */ = {isa = PBXFileReference; explicitFileType = wrapper.application; includeInIndex = 0; path = LWB.app; sourceTree = BUILT_PRODUCTS_DIR; };
		9BEECA3A21AF84FD001C0CC4 /* AppDelegate.swift */ = {isa = PBXFileReference; lastKnownFileType = sourcecode.swift; path = AppDelegate.swift; sourceTree = "<group>"; };
		9BEECA4121AF8500001C0CC4 /* Assets.xcassets */ = {isa = PBXFileReference; lastKnownFileType = folder.assetcatalog; path = Assets.xcassets; sourceTree = "<group>"; };
		9BEECA4421AF8500001C0CC4 /* Base */ = {isa = PBXFileReference; lastKnownFileType = file.storyboard; name = Base; path = Base.lproj/LaunchScreen.storyboard; sourceTree = "<group>"; };
		9BEECA4621AF8500001C0CC4 /* Info.plist */ = {isa = PBXFileReference; lastKnownFileType = text.plist.xml; path = Info.plist; sourceTree = "<group>"; };
		9BEECA5521AF8A29001C0CC4 /* WBMainViewController.swift */ = {isa = PBXFileReference; lastKnownFileType = sourcecode.swift; path = WBMainViewController.swift; sourceTree = "<group>"; };
		9BEECA5921AF8A5E001C0CC4 /* WBBaseViewController.swift */ = {isa = PBXFileReference; lastKnownFileType = sourcecode.swift; path = WBBaseViewController.swift; sourceTree = "<group>"; };
		9BEECA5B21AF8AAD001C0CC4 /* WBHomeViewController.swift */ = {isa = PBXFileReference; lastKnownFileType = sourcecode.swift; path = WBHomeViewController.swift; sourceTree = "<group>"; };
		9BEECA5D21AF8ABD001C0CC4 /* WBMessageViewController.swift */ = {isa = PBXFileReference; lastKnownFileType = sourcecode.swift; path = WBMessageViewController.swift; sourceTree = "<group>"; };
		9BEECA5F21AF8B18001C0CC4 /* WBDiscoverViewController.swift */ = {isa = PBXFileReference; lastKnownFileType = sourcecode.swift; path = WBDiscoverViewController.swift; sourceTree = "<group>"; };
		9BEECA6321AF8C2A001C0CC4 /* WBProfileViewController.swift */ = {isa = PBXFileReference; lastKnownFileType = sourcecode.swift; path = WBProfileViewController.swift; sourceTree = "<group>"; };
		9BEECA6C21AF90F4001C0CC4 /* UIColor+CZAddition.m */ = {isa = PBXFileReference; fileEncoding = 4; lastKnownFileType = sourcecode.c.objc; path = "UIColor+CZAddition.m"; sourceTree = "<group>"; };
		9BEECA6D21AF90F4001C0CC4 /* UIView+CZAddition.m */ = {isa = PBXFileReference; fileEncoding = 4; lastKnownFileType = sourcecode.c.objc; path = "UIView+CZAddition.m"; sourceTree = "<group>"; };
		9BEECA6E21AF90F4001C0CC4 /* UIButton+CZAddition.h */ = {isa = PBXFileReference; fileEncoding = 4; lastKnownFileType = sourcecode.c.h; path = "UIButton+CZAddition.h"; sourceTree = "<group>"; };
		9BEECA6F21AF90F4001C0CC4 /* NSString+CZHash.h */ = {isa = PBXFileReference; fileEncoding = 4; lastKnownFileType = sourcecode.c.h; path = "NSString+CZHash.h"; sourceTree = "<group>"; };
		9BEECA7021AF90F4001C0CC4 /* UIScreen+CZAddition.m */ = {isa = PBXFileReference; fileEncoding = 4; lastKnownFileType = sourcecode.c.objc; path = "UIScreen+CZAddition.m"; sourceTree = "<group>"; };
		9BEECA7121AF90F4001C0CC4 /* UIViewController+CZAddition.h */ = {isa = PBXFileReference; fileEncoding = 4; lastKnownFileType = sourcecode.c.h; path = "UIViewController+CZAddition.h"; sourceTree = "<group>"; };
		9BEECA7221AF90F4001C0CC4 /* UILabel+CZAddition.m */ = {isa = PBXFileReference; fileEncoding = 4; lastKnownFileType = sourcecode.c.objc; path = "UILabel+CZAddition.m"; sourceTree = "<group>"; };
		9BEECA7321AF90F4001C0CC4 /* NSObject+CZRuntime.h */ = {isa = PBXFileReference; fileEncoding = 4; lastKnownFileType = sourcecode.c.h; path = "NSObject+CZRuntime.h"; sourceTree = "<group>"; };
		9BEECA7421AF90F4001C0CC4 /* NSString+CZBase64.m */ = {isa = PBXFileReference; fileEncoding = 4; lastKnownFileType = sourcecode.c.objc; path = "NSString+CZBase64.m"; sourceTree = "<group>"; };
		9BEECA7521AF90F4001C0CC4 /* NSString+CZPath.m */ = {isa = PBXFileReference; fileEncoding = 4; lastKnownFileType = sourcecode.c.objc; path = "NSString+CZPath.m"; sourceTree = "<group>"; };
		9BEECA7621AF90F4001C0CC4 /* NSArray+Log.h */ = {isa = PBXFileReference; fileEncoding = 4; lastKnownFileType = sourcecode.c.h; path = "NSArray+Log.h"; sourceTree = "<group>"; };
		9BEECA7721AF90F4001C0CC4 /* NSAttributedString+CZAdditon.h */ = {isa = PBXFileReference; fileEncoding = 4; lastKnownFileType = sourcecode.c.h; path = "NSAttributedString+CZAdditon.h"; sourceTree = "<group>"; };
		9BEECA7821AF90F4001C0CC4 /* UIButton+CZAddition.m */ = {isa = PBXFileReference; fileEncoding = 4; lastKnownFileType = sourcecode.c.objc; path = "UIButton+CZAddition.m"; sourceTree = "<group>"; };
		9BEECA7921AF90F4001C0CC4 /* UIView+CZAddition.h */ = {isa = PBXFileReference; fileEncoding = 4; lastKnownFileType = sourcecode.c.h; path = "UIView+CZAddition.h"; sourceTree = "<group>"; };
		9BEECA7A21AF90F4001C0CC4 /* UIColor+CZAddition.h */ = {isa = PBXFileReference; fileEncoding = 4; lastKnownFileType = sourcecode.c.h; path = "UIColor+CZAddition.h"; sourceTree = "<group>"; };
		9BEECA7B21AF90F4001C0CC4 /* NSObject+CZRuntime.m */ = {isa = PBXFileReference; fileEncoding = 4; lastKnownFileType = sourcecode.c.objc; path = "NSObject+CZRuntime.m"; sourceTree = "<group>"; };
		9BEECA7C21AF90F4001C0CC4 /* UILabel+CZAddition.h */ = {isa = PBXFileReference; fileEncoding = 4; lastKnownFileType = sourcecode.c.h; path = "UILabel+CZAddition.h"; sourceTree = "<group>"; };
		9BEECA7D21AF90F4001C0CC4 /* UIScreen+CZAddition.h */ = {isa = PBXFileReference; fileEncoding = 4; lastKnownFileType = sourcecode.c.h; path = "UIScreen+CZAddition.h"; sourceTree = "<group>"; };
		9BEECA7E21AF90F4001C0CC4 /* UIViewController+CZAddition.m */ = {isa = PBXFileReference; fileEncoding = 4; lastKnownFileType = sourcecode.c.objc; path = "UIViewController+CZAddition.m"; sourceTree = "<group>"; };
		9BEECA7F21AF90F4001C0CC4 /* NSString+CZHash.m */ = {isa = PBXFileReference; fileEncoding = 4; lastKnownFileType = sourcecode.c.objc; path = "NSString+CZHash.m"; sourceTree = "<group>"; };
		9BEECA8021AF90F4001C0CC4 /* NSString+CZBase64.h */ = {isa = PBXFileReference; fileEncoding = 4; lastKnownFileType = sourcecode.c.h; path = "NSString+CZBase64.h"; sourceTree = "<group>"; };
		9BEECA8121AF90F4001C0CC4 /* CZAdditions.h */ = {isa = PBXFileReference; fileEncoding = 4; lastKnownFileType = sourcecode.c.h; path = CZAdditions.h; sourceTree = "<group>"; };
		9BEECA8221AF90F4001C0CC4 /* NSAttributedString+CZAdditon.m */ = {isa = PBXFileReference; fileEncoding = 4; lastKnownFileType = sourcecode.c.objc; path = "NSAttributedString+CZAdditon.m"; sourceTree = "<group>"; };
		9BEECA8321AF90F4001C0CC4 /* NSArray+Log.m */ = {isa = PBXFileReference; fileEncoding = 4; lastKnownFileType = sourcecode.c.objc; path = "NSArray+Log.m"; sourceTree = "<group>"; };
		9BEECA8421AF90F4001C0CC4 /* NSString+CZPath.h */ = {isa = PBXFileReference; fileEncoding = 4; lastKnownFileType = sourcecode.c.h; path = "NSString+CZPath.h"; sourceTree = "<group>"; };
		9BEECA9B21AF9150001C0CC4 /* Weibo-Bridge.h */ = {isa = PBXFileReference; lastKnownFileType = sourcecode.c.h; path = "Weibo-Bridge.h"; sourceTree = "<group>"; };
		9BEECA9D21AF9591001C0CC4 /* Bundel+Extensions.swift */ = {isa = PBXFileReference; fileEncoding = 4; lastKnownFileType = sourcecode.swift; path = "Bundel+Extensions.swift"; sourceTree = "<group>"; };
		9BEECAA121AF967A001C0CC4 /* WBNavigationViewController.swift */ = {isa = PBXFileReference; lastKnownFileType = sourcecode.swift; path = WBNavigationViewController.swift; sourceTree = "<group>"; };
		9BEECAA421AFE812001C0CC4 /* WBDemoViewController.swift */ = {isa = PBXFileReference; lastKnownFileType = sourcecode.swift; path = WBDemoViewController.swift; sourceTree = "<group>"; };
		9BEECAA621AFEFC9001C0CC4 /* UIBarButtonItem+Extension.swift */ = {isa = PBXFileReference; lastKnownFileType = sourcecode.swift; path = "UIBarButtonItem+Extension.swift"; sourceTree = "<group>"; };
/* End PBXFileReference section */

/* Begin PBXFrameworksBuildPhase section */
		9BEECA3421AF84FD001C0CC4 /* Frameworks */ = {
			isa = PBXFrameworksBuildPhase;
			buildActionMask = 2147483647;
			files = (
			);
			runOnlyForDeploymentPostprocessing = 0;
		};
/* End PBXFrameworksBuildPhase section */

/* Begin PBXGroup section */
		9BEECA2E21AF84FD001C0CC4 = {
			isa = PBXGroup;
			children = (
				9BEECA3921AF84FD001C0CC4 /* LWB */,
				9BEECA3821AF84FD001C0CC4 /* Products */,
			);
			sourceTree = "<group>";
		};
		9BEECA3821AF84FD001C0CC4 /* Products */ = {
			isa = PBXGroup;
			children = (
				9BEECA3721AF84FD001C0CC4 /* LWB.app */,
			);
			name = Products;
			sourceTree = "<group>";
		};
		9BEECA3921AF84FD001C0CC4 /* LWB */ = {
			isa = PBXGroup;
			children = (
				9BEECA4D21AF894A001C0CC4 /* View */,
				9BEECA4C21AF8940001C0CC4 /* ViewModel */,
				9BEECA4E21AF8953001C0CC4 /* Model */,
				9BEECA4F21AF8958001C0CC4 /* Tools */,
				9BEECA3A21AF84FD001C0CC4 /* AppDelegate.swift */,
				9BEECA9B21AF9150001C0CC4 /* Weibo-Bridge.h */,
				9BEECA4121AF8500001C0CC4 /* Assets.xcassets */,
				9BEECA4321AF8500001C0CC4 /* LaunchScreen.storyboard */,
				9BEECA4621AF8500001C0CC4 /* Info.plist */,
			);
			path = LWB;
			sourceTree = "<group>";
		};
		9BEECA4C21AF8940001C0CC4 /* ViewModel */ = {
			isa = PBXGroup;
			children = (
			);
			path = ViewModel;
			sourceTree = "<group>";
		};
		9BEECA4D21AF894A001C0CC4 /* View */ = {
			isa = PBXGroup;
			children = (
				9BEECA5221AF8977001C0CC4 /* Main */,
				9BEECA5121AF8972001C0CC4 /* Home */,
				9BEECA5321AF897E001C0CC4 /* Message */,
				9BEECA5021AF8968001C0CC4 /* Discover */,
				9BEECA5421AF899A001C0CC4 /* Profile */,
			);
			path = View;
			sourceTree = "<group>";
		};
		9BEECA4E21AF8953001C0CC4 /* Model */ = {
			isa = PBXGroup;
			children = (
			);
			path = Model;
			sourceTree = "<group>";
		};
		9BEECA4F21AF8958001C0CC4 /* Tools */ = {
			isa = PBXGroup;
			children = (
				9BEECA9C21AF9591001C0CC4 /* Extension */,
				9BEECA6B21AF90F4001C0CC4 /* Additions */,
			);
			path = Tools;
			sourceTree = "<group>";
		};
		9BEECA5021AF8968001C0CC4 /* Discover */ = {
			isa = PBXGroup;
			children = (
				9BEECA5F21AF8B18001C0CC4 /* WBDiscoverViewController.swift */,
			);
			path = Discover;
			sourceTree = "<group>";
		};
		9BEECA5121AF8972001C0CC4 /* Home */ = {
			isa = PBXGroup;
			children = (
				9BEECA5B21AF8AAD001C0CC4 /* WBHomeViewController.swift */,
			);
			path = Home;
			sourceTree = "<group>";
		};
		9BEECA5221AF8977001C0CC4 /* Main */ = {
			isa = PBXGroup;
			children = (
				9BEECAA321AFE7EA001C0CC4 /* 测试 */,
				9BEECA5521AF8A29001C0CC4 /* WBMainViewController.swift */,
				9BEECAA121AF967A001C0CC4 /* WBNavigationViewController.swift */,
				9BEECA5921AF8A5E001C0CC4 /* WBBaseViewController.swift */,
			);
			path = Main;
			sourceTree = "<group>";
		};
		9BEECA5321AF897E001C0CC4 /* Message */ = {
			isa = PBXGroup;
			children = (
				9BEECA5D21AF8ABD001C0CC4 /* WBMessageViewController.swift */,
			);
			path = Message;
			sourceTree = "<group>";
		};
		9BEECA5421AF899A001C0CC4 /* Profile */ = {
			isa = PBXGroup;
			children = (
				9BEECA6321AF8C2A001C0CC4 /* WBProfileViewController.swift */,
			);
			path = Profile;
			sourceTree = "<group>";
		};
		9BEECA6B21AF90F4001C0CC4 /* Additions */ = {
			isa = PBXGroup;
			children = (
				9BEECA6C21AF90F4001C0CC4 /* UIColor+CZAddition.m */,
				9BEECA6D21AF90F4001C0CC4 /* UIView+CZAddition.m */,
				9BEECA6E21AF90F4001C0CC4 /* UIButton+CZAddition.h */,
				9BEECA6F21AF90F4001C0CC4 /* NSString+CZHash.h */,
				9BEECA7021AF90F4001C0CC4 /* UIScreen+CZAddition.m */,
				9BEECA7121AF90F4001C0CC4 /* UIViewController+CZAddition.h */,
				9BEECA7221AF90F4001C0CC4 /* UILabel+CZAddition.m */,
				9BEECA7321AF90F4001C0CC4 /* NSObject+CZRuntime.h */,
				9BEECA7421AF90F4001C0CC4 /* NSString+CZBase64.m */,
				9BEECA7521AF90F4001C0CC4 /* NSString+CZPath.m */,
				9BEECA7621AF90F4001C0CC4 /* NSArray+Log.h */,
				9BEECA7721AF90F4001C0CC4 /* NSAttributedString+CZAdditon.h */,
				9BEECA7821AF90F4001C0CC4 /* UIButton+CZAddition.m */,
				9BEECA7921AF90F4001C0CC4 /* UIView+CZAddition.h */,
				9BEECA7A21AF90F4001C0CC4 /* UIColor+CZAddition.h */,
				9BEECA7B21AF90F4001C0CC4 /* NSObject+CZRuntime.m */,
				9BEECA7C21AF90F4001C0CC4 /* UILabel+CZAddition.h */,
				9BEECA7D21AF90F4001C0CC4 /* UIScreen+CZAddition.h */,
				9BEECA7E21AF90F4001C0CC4 /* UIViewController+CZAddition.m */,
				9BEECA7F21AF90F4001C0CC4 /* NSString+CZHash.m */,
				9BEECA8021AF90F4001C0CC4 /* NSString+CZBase64.h */,
				9BEECA8121AF90F4001C0CC4 /* CZAdditions.h */,
				9BEECA8221AF90F4001C0CC4 /* NSAttributedString+CZAdditon.m */,
				9BEECA8321AF90F4001C0CC4 /* NSArray+Log.m */,
				9BEECA8421AF90F4001C0CC4 /* NSString+CZPath.h */,
			);
			path = Additions;
			sourceTree = "<group>";
		};
		9BEECA9C21AF9591001C0CC4 /* Extension */ = {
			isa = PBXGroup;
			children = (
				9BEECA9D21AF9591001C0CC4 /* Bundel+Extensions.swift */,
				9BEECAA621AFEFC9001C0CC4 /* UIBarButtonItem+Extension.swift */,
			);
			path = Extension;
			sourceTree = "<group>";
		};
		9BEECAA321AFE7EA001C0CC4 /* 测试 */ = {
			isa = PBXGroup;
			children = (
				9BEECAA421AFE812001C0CC4 /* WBDemoViewController.swift */,
			);
			path = "测试";
			sourceTree = "<group>";
		};
/* End PBXGroup section */

/* Begin PBXNativeTarget section */
		9BEECA3621AF84FD001C0CC4 /* LWB */ = {
			isa = PBXNativeTarget;
			buildConfigurationList = 9BEECA4921AF8500001C0CC4 /* Build configuration list for PBXNativeTarget "LWB" */;
			buildPhases = (
				9BEECA3321AF84FD001C0CC4 /* Sources */,
				9BEECA3421AF84FD001C0CC4 /* Frameworks */,
				9BEECA3521AF84FD001C0CC4 /* Resources */,
			);
			buildRules = (
			);
			dependencies = (
			);
			name = LWB;
			productName = LWB;
			productReference = 9BEECA3721AF84FD001C0CC4 /* LWB.app */;
			productType = "com.apple.product-type.application";
		};
/* End PBXNativeTarget section */

/* Begin PBXProject section */
		9BEECA2F21AF84FD001C0CC4 /* Project object */ = {
			isa = PBXProject;
			attributes = {
				CLASSPREFIX = WB;
				LastSwiftUpdateCheck = 1010;
				LastUpgradeCheck = 1010;
				ORGANIZATIONNAME = Lee;
				TargetAttributes = {
					9BEECA3621AF84FD001C0CC4 = {
						CreatedOnToolsVersion = 10.1;
					};
				};
			};
			buildConfigurationList = 9BEECA3221AF84FD001C0CC4 /* Build configuration list for PBXProject "LWB" */;
			compatibilityVersion = "Xcode 9.3";
			developmentRegion = en;
			hasScannedForEncodings = 0;
			knownRegions = (
				en,
				Base,
			);
			mainGroup = 9BEECA2E21AF84FD001C0CC4;
			productRefGroup = 9BEECA3821AF84FD001C0CC4 /* Products */;
			projectDirPath = "";
			projectRoot = "";
			targets = (
				9BEECA3621AF84FD001C0CC4 /* LWB */,
			);
		};
/* End PBXProject section */

/* Begin PBXResourcesBuildPhase section */
		9BEECA3521AF84FD001C0CC4 /* Resources */ = {
			isa = PBXResourcesBuildPhase;
			buildActionMask = 2147483647;
			files = (
				9BEECA4521AF8500001C0CC4 /* LaunchScreen.storyboard in Resources */,
				9BEECA4221AF8500001C0CC4 /* Assets.xcassets in Resources */,
			);
			runOnlyForDeploymentPostprocessing = 0;
		};
/* End PBXResourcesBuildPhase section */

/* Begin PBXSourcesBuildPhase section */
		9BEECA3321AF84FD001C0CC4 /* Sources */ = {
			isa = PBXSourcesBuildPhase;
			buildActionMask = 2147483647;
			files = (
				9BEECA5A21AF8A5E001C0CC4 /* WBBaseViewController.swift in Sources */,
				9BEECAA521AFE812001C0CC4 /* WBDemoViewController.swift in Sources */,
				9BEECA8921AF90F4001C0CC4 /* NSString+CZBase64.m in Sources */,
				9BEECA6421AF8C2A001C0CC4 /* WBProfileViewController.swift in Sources */,
				9BEECA8C21AF90F4001C0CC4 /* NSObject+CZRuntime.m in Sources */,
				9BEECA8F21AF90F4001C0CC4 /* NSAttributedString+CZAdditon.m in Sources */,
				9BEECA9021AF90F4001C0CC4 /* NSArray+Log.m in Sources */,
				9BEECA8721AF90F4001C0CC4 /* UIScreen+CZAddition.m in Sources */,
				9BEECA6021AF8B18001C0CC4 /* WBDiscoverViewController.swift in Sources */,
				9BEECAA721AFEFC9001C0CC4 /* UIBarButtonItem+Extension.swift in Sources */,
				9BEECAA221AF967A001C0CC4 /* WBNavigationViewController.swift in Sources */,
				9BEECA5621AF8A29001C0CC4 /* WBMainViewController.swift in Sources */,
				9BEECA5C21AF8AAD001C0CC4 /* WBHomeViewController.swift in Sources */,
				9BEECA8B21AF90F4001C0CC4 /* UIButton+CZAddition.m in Sources */,
				9BEECA8E21AF90F4001C0CC4 /* NSString+CZHash.m in Sources */,
				9BEECA8D21AF90F4001C0CC4 /* UIViewController+CZAddition.m in Sources */,
				9BEECA3B21AF84FD001C0CC4 /* AppDelegate.swift in Sources */,
				9BEECA5E21AF8ABD001C0CC4 /* WBMessageViewController.swift in Sources */,
				9BEECA8821AF90F4001C0CC4 /* UILabel+CZAddition.m in Sources */,
				9BEECA8A21AF90F4001C0CC4 /* NSString+CZPath.m in Sources */,
				9BEECA8521AF90F4001C0CC4 /* UIColor+CZAddition.m in Sources */,
				9BEECA9F21AF9592001C0CC4 /* Bundel+Extensions.swift in Sources */,
				9BEECA8621AF90F4001C0CC4 /* UIView+CZAddition.m in Sources */,
			);
			runOnlyForDeploymentPostprocessing = 0;
		};
/* End PBXSourcesBuildPhase section */

/* Begin PBXVariantGroup section */
		9BEECA4321AF8500001C0CC4 /* LaunchScreen.storyboard */ = {
			isa = PBXVariantGroup;
			children = (
				9BEECA4421AF8500001C0CC4 /* Base */,
			);
			name = LaunchScreen.storyboard;
			sourceTree = "<group>";
		};
/* End PBXVariantGroup section */

/* Begin XCBuildConfiguration section */
		9BEECA4721AF8500001C0CC4 /* Debug */ = {
			isa = XCBuildConfiguration;
			buildSettings = {
				ALWAYS_SEARCH_USER_PATHS = NO;
				CLANG_ANALYZER_NONNULL = YES;
				CLANG_ANALYZER_NUMBER_OBJECT_CONVERSION = YES_AGGRESSIVE;
				CLANG_CXX_LANGUAGE_STANDARD = "gnu++14";
				CLANG_CXX_LIBRARY = "libc++";
				CLANG_ENABLE_MODULES = YES;
				CLANG_ENABLE_OBJC_ARC = YES;
				CLANG_ENABLE_OBJC_WEAK = YES;
				CLANG_WARN_BLOCK_CAPTURE_AUTORELEASING = YES;
				CLANG_WARN_BOOL_CONVERSION = YES;
				CLANG_WARN_COMMA = YES;
				CLANG_WARN_CONSTANT_CONVERSION = YES;
				CLANG_WARN_DEPRECATED_OBJC_IMPLEMENTATIONS = YES;
				CLANG_WARN_DIRECT_OBJC_ISA_USAGE = YES_ERROR;
				CLANG_WARN_DOCUMENTATION_COMMENTS = YES;
				CLANG_WARN_EMPTY_BODY = YES;
				CLANG_WARN_ENUM_CONVERSION = YES;
				CLANG_WARN_INFINITE_RECURSION = YES;
				CLANG_WARN_INT_CONVERSION = YES;
				CLANG_WARN_NON_LITERAL_NULL_CONVERSION = YES;
				CLANG_WARN_OBJC_IMPLICIT_RETAIN_SELF = YES;
				CLANG_WARN_OBJC_LITERAL_CONVERSION = YES;
				CLANG_WARN_OBJC_ROOT_CLASS = YES_ERROR;
				CLANG_WARN_RANGE_LOOP_ANALYSIS = YES;
				CLANG_WARN_STRICT_PROTOTYPES = YES;
				CLANG_WARN_SUSPICIOUS_MOVE = YES;
				CLANG_WARN_UNGUARDED_AVAILABILITY = YES_AGGRESSIVE;
				CLANG_WARN_UNREACHABLE_CODE = YES;
				CLANG_WARN__DUPLICATE_METHOD_MATCH = YES;
				CODE_SIGN_IDENTITY = "iPhone Developer";
				COPY_PHASE_STRIP = NO;
				DEBUG_INFORMATION_FORMAT = dwarf;
				ENABLE_STRICT_OBJC_MSGSEND = YES;
				ENABLE_TESTABILITY = YES;
				GCC_C_LANGUAGE_STANDARD = gnu11;
				GCC_DYNAMIC_NO_PIC = NO;
				GCC_NO_COMMON_BLOCKS = YES;
				GCC_OPTIMIZATION_LEVEL = 0;
				GCC_PREPROCESSOR_DEFINITIONS = (
					"DEBUG=1",
					"$(inherited)",
				);
				GCC_WARN_64_TO_32_BIT_CONVERSION = YES;
				GCC_WARN_ABOUT_RETURN_TYPE = YES_ERROR;
				GCC_WARN_UNDECLARED_SELECTOR = YES;
				GCC_WARN_UNINITIALIZED_AUTOS = YES_AGGRESSIVE;
				GCC_WARN_UNUSED_FUNCTION = YES;
				GCC_WARN_UNUSED_VARIABLE = YES;
				IPHONEOS_DEPLOYMENT_TARGET = 12.1;
				MTL_ENABLE_DEBUG_INFO = INCLUDE_SOURCE;
				MTL_FAST_MATH = YES;
				ONLY_ACTIVE_ARCH = YES;
				SDKROOT = iphoneos;
				SWIFT_ACTIVE_COMPILATION_CONDITIONS = DEBUG;
				SWIFT_OPTIMIZATION_LEVEL = "-Onone";
			};
			name = Debug;
		};
		9BEECA4821AF8500001C0CC4 /* Release */ = {
			isa = XCBuildConfiguration;
			buildSettings = {
				ALWAYS_SEARCH_USER_PATHS = NO;
				CLANG_ANALYZER_NONNULL = YES;
				CLANG_ANALYZER_NUMBER_OBJECT_CONVERSION = YES_AGGRESSIVE;
				CLANG_CXX_LANGUAGE_STANDARD = "gnu++14";
				CLANG_CXX_LIBRARY = "libc++";
				CLANG_ENABLE_MODULES = YES;
				CLANG_ENABLE_OBJC_ARC = YES;
				CLANG_ENABLE_OBJC_WEAK = YES;
				CLANG_WARN_BLOCK_CAPTURE_AUTORELEASING = YES;
				CLANG_WARN_BOOL_CONVERSION = YES;
				CLANG_WARN_COMMA = YES;
				CLANG_WARN_CONSTANT_CONVERSION = YES;
				CLANG_WARN_DEPRECATED_OBJC_IMPLEMENTATIONS = YES;
				CLANG_WARN_DIRECT_OBJC_ISA_USAGE = YES_ERROR;
				CLANG_WARN_DOCUMENTATION_COMMENTS = YES;
				CLANG_WARN_EMPTY_BODY = YES;
				CLANG_WARN_ENUM_CONVERSION = YES;
				CLANG_WARN_INFINITE_RECURSION = YES;
				CLANG_WARN_INT_CONVERSION = YES;
				CLANG_WARN_NON_LITERAL_NULL_CONVERSION = YES;
				CLANG_WARN_OBJC_IMPLICIT_RETAIN_SELF = YES;
				CLANG_WARN_OBJC_LITERAL_CONVERSION = YES;
				CLANG_WARN_OBJC_ROOT_CLASS = YES_ERROR;
				CLANG_WARN_RANGE_LOOP_ANALYSIS = YES;
				CLANG_WARN_STRICT_PROTOTYPES = YES;
				CLANG_WARN_SUSPICIOUS_MOVE = YES;
				CLANG_WARN_UNGUARDED_AVAILABILITY = YES_AGGRESSIVE;
				CLANG_WARN_UNREACHABLE_CODE = YES;
				CLANG_WARN__DUPLICATE_METHOD_MATCH = YES;
				CODE_SIGN_IDENTITY = "iPhone Developer";
				COPY_PHASE_STRIP = NO;
				DEBUG_INFORMATION_FORMAT = "dwarf-with-dsym";
				ENABLE_NS_ASSERTIONS = NO;
				ENABLE_STRICT_OBJC_MSGSEND = YES;
				GCC_C_LANGUAGE_STANDARD = gnu11;
				GCC_NO_COMMON_BLOCKS = YES;
				GCC_WARN_64_TO_32_BIT_CONVERSION = YES;
				GCC_WARN_ABOUT_RETURN_TYPE = YES_ERROR;
				GCC_WARN_UNDECLARED_SELECTOR = YES;
				GCC_WARN_UNINITIALIZED_AUTOS = YES_AGGRESSIVE;
				GCC_WARN_UNUSED_FUNCTION = YES;
				GCC_WARN_UNUSED_VARIABLE = YES;
				IPHONEOS_DEPLOYMENT_TARGET = 12.1;
				MTL_ENABLE_DEBUG_INFO = NO;
				MTL_FAST_MATH = YES;
				SDKROOT = iphoneos;
				SWIFT_COMPILATION_MODE = wholemodule;
				SWIFT_OPTIMIZATION_LEVEL = "-O";
				VALIDATE_PRODUCT = YES;
			};
			name = Release;
		};
		9BEECA4A21AF8500001C0CC4 /* Debug */ = {
			isa = XCBuildConfiguration;
			buildSettings = {
				ASSETCATALOG_COMPILER_APPICON_NAME = AppIcon;
				ASSETCATALOG_COMPILER_LAUNCHIMAGE_NAME = LaunchImage;
				CODE_SIGN_STYLE = Automatic;
				DEVELOPMENT_TEAM = 5VFC77CT8S;
				INFOPLIST_FILE = LWB/Info.plist;
				LD_RUNPATH_SEARCH_PATHS = (
					"$(inherited)",
					"@executable_path/Frameworks",
				);
				PRODUCT_BUNDLE_IDENTIFIER = com.cooplan.LWB;
				PRODUCT_NAME = "$(TARGET_NAME)";
				SWIFT_OBJC_BRIDGING_HEADER = "LWB/Weibo-Bridge.h";
				SWIFT_VERSION = 4.2;
				TARGETED_DEVICE_FAMILY = "1,2";
			};
			name = Debug;
		};
		9BEECA4B21AF8500001C0CC4 /* Release */ = {
			isa = XCBuildConfiguration;
			buildSettings = {
				ASSETCATALOG_COMPILER_APPICON_NAME = AppIcon;
				ASSETCATALOG_COMPILER_LAUNCHIMAGE_NAME = LaunchImage;
				CODE_SIGN_STYLE = Automatic;
				DEVELOPMENT_TEAM = 5VFC77CT8S;
				INFOPLIST_FILE = LWB/Info.plist;
				LD_RUNPATH_SEARCH_PATHS = (
					"$(inherited)",
					"@executable_path/Frameworks",
				);
				PRODUCT_BUNDLE_IDENTIFIER = com.cooplan.LWB;
				PRODUCT_NAME = "$(TARGET_NAME)";
				SWIFT_OBJC_BRIDGING_HEADER = "LWB/Weibo-Bridge.h";
				SWIFT_VERSION = 4.2;
				TARGETED_DEVICE_FAMILY = "1,2";
			};
			name = Release;
		};
/* End XCBuildConfiguration section */

/* Begin XCConfigurationList section */
		9BEECA3221AF84FD001C0CC4 /* Build configuration list for PBXProject "LWB" */ = {
			isa = XCConfigurationList;
			buildConfigurations = (
				9BEECA4721AF8500001C0CC4 /* Debug */,
				9BEECA4821AF8500001C0CC4 /* Release */,
			);
			defaultConfigurationIsVisible = 0;
			defaultConfigurationName = Release;
		};
		9BEECA4921AF8500001C0CC4 /* Build configuration list for PBXNativeTarget "LWB" */ = {
			isa = XCConfigurationList;
			buildConfigurations = (
				9BEECA4A21AF8500001C0CC4 /* Debug */,
				9BEECA4B21AF8500001C0CC4 /* Release */,
			);
			defaultConfigurationIsVisible = 0;
			defaultConfigurationName = Release;
		};
/* End XCConfigurationList section */
	};
	rootObject = 9BEECA2F21AF84FD001C0CC4 /* Project object */;
}
